
Microsoft Visual Studio Solution File, Format Version 12.00
# Visual Studio Version 16
VisualStudioVersion = 16.0.29409.12
MinimumVisualStudioVersion = 10.0.40219.1
Project("{D954291E-2A0B-460D-934E-DC6B0785DB48}") = "WasmHost.Shared", "WasmHost\WasmHost.Shared\WasmHost.Shared.shproj", "{6279C845-92F8-4333-AB99-3D213163593C}"
EndProject
Project("{FAE04EC0-301F-11D3-BF4B-00C04F79EFBC}") = "WasmHost.Droid", "WasmHost\WasmHost.Droid\WasmHost.Droid.csproj", "{336A159A-4BDF-468D-BBC7-FD1CC4461CFA}"
EndProject
Project("{FAE04EC0-301F-11D3-BF4B-00C04F79EFBC}") = "WasmHost.iOS", "WasmHost\WasmHost.iOS\WasmHost.iOS.csproj", "{7F43A6D7-E6B2-480D-9CBD-2A1ACA4E5AFE}"
EndProject
Project("{FAE04EC0-301F-11D3-BF4B-00C04F79EFBC}") = "WasmHost.UWP", "WasmHost\WasmHost.UWP\WasmHost.UWP.csproj", "{5A0412A6-B09F-4E5D-A36F-6ACED178B939}"
EndProject
Project("{9A19103F-16F7-4668-BE54-9A1E7A4F7556}") = "WasmHost.Wasm", "WasmHost\WasmHost.Wasm\WasmHost.Wasm.csproj", "{EE04C2FD-D6D8-4851-86B5-04A706FAE0FB}"
EndProject
Project("{FAE04EC0-301F-11D3-BF4B-00C04F79EFBC}") = "WasmHost.WpfHost", "WasmHost.WpfHost\WasmHost.WpfHost.csproj", "{5C45B3DA-0592-4022-BA78-C5E9F6CF9C46}"
EndProject
Global
	GlobalSection(SharedMSBuildProjectFiles) = preSolution
		WasmHost\WasmHost.Shared\WasmHost.Shared.projitems*{336a159a-4bdf-468d-bbc7-fd1cc4461cfa}*SharedItemsImports = 4
		WasmHost\WasmHost.Shared\WasmHost.Shared.projitems*{5a0412a6-b09f-4e5d-a36f-6aced178b939}*SharedItemsImports = 4
		WasmHost\WasmHost.Shared\WasmHost.Shared.projitems*{6279c845-92f8-4333-ab99-3d213163593c}*SharedItemsImports = 13
		WasmHost\WasmHost.Shared\WasmHost.Shared.projitems*{7f43a6d7-e6b2-480d-9cbd-2a1aca4e5afe}*SharedItemsImports = 4
	EndGlobalSection
	GlobalSection(SolutionConfigurationPlatforms) = preSolution
		Ad-Hoc|Any CPU = Ad-Hoc|Any CPU
		Ad-Hoc|ARM = Ad-Hoc|ARM
		Ad-Hoc|iPhone = Ad-Hoc|iPhone
		Ad-Hoc|iPhoneSimulator = Ad-Hoc|iPhoneSimulator
		Ad-Hoc|x64 = Ad-Hoc|x64
		Ad-Hoc|x86 = Ad-Hoc|x86
		AppStore|Any CPU = AppStore|Any CPU
		AppStore|ARM = AppStore|ARM
		AppStore|iPhone = AppStore|iPhone
		AppStore|iPhoneSimulator = AppStore|iPhoneSimulator
		AppStore|x64 = AppStore|x64
		AppStore|x86 = AppStore|x86
		Debug|Any CPU = Debug|Any CPU
		Debug|ARM = Debug|ARM
		Debug|iPhone = Debug|iPhone
		Debug|iPhoneSimulator = Debug|iPhoneSimulator
		Debug|x64 = Debug|x64
		Debug|x86 = Debug|x86
		Release|Any CPU = Release|Any CPU
		Release|ARM = Release|ARM
		Release|iPhone = Release|iPhone
		Release|iPhoneSimulator = Release|iPhoneSimulator
		Release|x64 = Release|x64
		Release|x86 = Release|x86
	EndGlobalSection
	GlobalSection(ProjectConfigurationPlatforms) = postSolution
		{336A159A-4BDF-468D-BBC7-FD1CC4461CFA}.Ad-Hoc|Any CPU.ActiveCfg = Release|Any CPU
		{336A159A-4BDF-468D-BBC7-FD1CC4461CFA}.Ad-Hoc|Any CPU.Build.0 = Release|Any CPU
		{336A159A-4BDF-468D-BBC7-FD1CC4461CFA}.Ad-Hoc|Any CPU.Deploy.0 = Release|Any CPU
		{336A159A-4BDF-468D-BBC7-FD1CC4461CFA}.Ad-Hoc|ARM.ActiveCfg = Release|Any CPU
		{336A159A-4BDF-468D-BBC7-FD1CC4461CFA}.Ad-Hoc|ARM.Build.0 = Release|Any CPU
		{336A159A-4BDF-468D-BBC7-FD1CC4461CFA}.Ad-Hoc|ARM.Deploy.0 = Release|Any CPU
		{336A159A-4BDF-468D-BBC7-FD1CC4461CFA}.Ad-Hoc|iPhone.ActiveCfg = Release|Any CPU
		{336A159A-4BDF-468D-BBC7-FD1CC4461CFA}.Ad-Hoc|iPhone.Build.0 = Release|Any CPU
		{336A159A-4BDF-468D-BBC7-FD1CC4461CFA}.Ad-Hoc|iPhone.Deploy.0 = Release|Any CPU
		{336A159A-4BDF-468D-BBC7-FD1CC4461CFA}.Ad-Hoc|iPhoneSimulator.ActiveCfg = Release|Any CPU
		{336A159A-4BDF-468D-BBC7-FD1CC4461CFA}.Ad-Hoc|iPhoneSimulator.Build.0 = Release|Any CPU
		{336A159A-4BDF-468D-BBC7-FD1CC4461CFA}.Ad-Hoc|iPhoneSimulator.Deploy.0 = Release|Any CPU
		{336A159A-4BDF-468D-BBC7-FD1CC4461CFA}.Ad-Hoc|x64.ActiveCfg = Release|Any CPU
		{336A159A-4BDF-468D-BBC7-FD1CC4461CFA}.Ad-Hoc|x64.Build.0 = Release|Any CPU
		{336A159A-4BDF-468D-BBC7-FD1CC4461CFA}.Ad-Hoc|x64.Deploy.0 = Release|Any CPU
		{336A159A-4BDF-468D-BBC7-FD1CC4461CFA}.Ad-Hoc|x86.ActiveCfg = Release|Any CPU
		{336A159A-4BDF-468D-BBC7-FD1CC4461CFA}.Ad-Hoc|x86.Build.0 = Release|Any CPU
		{336A159A-4BDF-468D-BBC7-FD1CC4461CFA}.Ad-Hoc|x86.Deploy.0 = Release|Any CPU
		{336A159A-4BDF-468D-BBC7-FD1CC4461CFA}.AppStore|Any CPU.ActiveCfg = Release|Any CPU
		{336A159A-4BDF-468D-BBC7-FD1CC4461CFA}.AppStore|Any CPU.Build.0 = Release|Any CPU
		{336A159A-4BDF-468D-BBC7-FD1CC4461CFA}.AppStore|Any CPU.Deploy.0 = Release|Any CPU
		{336A159A-4BDF-468D-BBC7-FD1CC4461CFA}.AppStore|ARM.ActiveCfg = Release|Any CPU
		{336A159A-4BDF-468D-BBC7-FD1CC4461CFA}.AppStore|ARM.Build.0 = Release|Any CPU
		{336A159A-4BDF-468D-BBC7-FD1CC4461CFA}.AppStore|ARM.Deploy.0 = Release|Any CPU
		{336A159A-4BDF-468D-BBC7-FD1CC4461CFA}.AppStore|iPhone.ActiveCfg = Release|Any CPU
		{336A159A-4BDF-468D-BBC7-FD1CC4461CFA}.AppStore|iPhone.Build.0 = Release|Any CPU
		{336A159A-4BDF-468D-BBC7-FD1CC4461CFA}.AppStore|iPhone.Deploy.0 = Release|Any CPU
		{336A159A-4BDF-468D-BBC7-FD1CC4461CFA}.AppStore|iPhoneSimulator.ActiveCfg = Release|Any CPU
		{336A159A-4BDF-468D-BBC7-FD1CC4461CFA}.AppStore|iPhoneSimulator.Build.0 = Release|Any CPU
		{336A159A-4BDF-468D-BBC7-FD1CC4461CFA}.AppStore|iPhoneSimulator.Deploy.0 = Release|Any CPU
		{336A159A-4BDF-468D-BBC7-FD1CC4461CFA}.AppStore|x64.ActiveCfg = Release|Any CPU
		{336A159A-4BDF-468D-BBC7-FD1CC4461CFA}.AppStore|x64.Build.0 = Release|Any CPU
		{336A159A-4BDF-468D-BBC7-FD1CC4461CFA}.AppStore|x64.Deploy.0 = Release|Any CPU
		{336A159A-4BDF-468D-BBC7-FD1CC4461CFA}.AppStore|x86.ActiveCfg = Release|Any CPU
		{336A159A-4BDF-468D-BBC7-FD1CC4461CFA}.AppStore|x86.Build.0 = Release|Any CPU
		{336A159A-4BDF-468D-BBC7-FD1CC4461CFA}.AppStore|x86.Deploy.0 = Release|Any CPU
		{336A159A-4BDF-468D-BBC7-FD1CC4461CFA}.Debug|Any CPU.ActiveCfg = Debug|Any CPU
		{336A159A-4BDF-468D-BBC7-FD1CC4461CFA}.Debug|Any CPU.Build.0 = Debug|Any CPU
		{336A159A-4BDF-468D-BBC7-FD1CC4461CFA}.Debug|Any CPU.Deploy.0 = Debug|Any CPU
		{336A159A-4BDF-468D-BBC7-FD1CC4461CFA}.Debug|ARM.ActiveCfg = Debug|Any CPU
		{336A159A-4BDF-468D-BBC7-FD1CC4461CFA}.Debug|ARM.Build.0 = Debug|Any CPU
		{336A159A-4BDF-468D-BBC7-FD1CC4461CFA}.Debug|ARM.Deploy.0 = Debug|Any CPU
		{336A159A-4BDF-468D-BBC7-FD1CC4461CFA}.Debug|iPhone.ActiveCfg = Debug|Any CPU
		{336A159A-4BDF-468D-BBC7-FD1CC4461CFA}.Debug|iPhone.Build.0 = Debug|Any CPU
		{336A159A-4BDF-468D-BBC7-FD1CC4461CFA}.Debug|iPhone.Deploy.0 = Debug|Any CPU
		{336A159A-4BDF-468D-BBC7-FD1CC4461CFA}.Debug|iPhoneSimulator.ActiveCfg = Debug|Any CPU
		{336A159A-4BDF-468D-BBC7-FD1CC4461CFA}.Debug|iPhoneSimulator.Build.0 = Debug|Any CPU
		{336A159A-4BDF-468D-BBC7-FD1CC4461CFA}.Debug|iPhoneSimulator.Deploy.0 = Debug|Any CPU
		{336A159A-4BDF-468D-BBC7-FD1CC4461CFA}.Debug|x64.ActiveCfg = Debug|Any CPU
		{336A159A-4BDF-468D-BBC7-FD1CC4461CFA}.Debug|x64.Build.0 = Debug|Any CPU
		{336A159A-4BDF-468D-BBC7-FD1CC4461CFA}.Debug|x64.Deploy.0 = Debug|Any CPU
		{336A159A-4BDF-468D-BBC7-FD1CC4461CFA}.Debug|x86.ActiveCfg = Debug|Any CPU
		{336A159A-4BDF-468D-BBC7-FD1CC4461CFA}.Debug|x86.Build.0 = Debug|Any CPU
		{336A159A-4BDF-468D-BBC7-FD1CC4461CFA}.Debug|x86.Deploy.0 = Debug|Any CPU
		{336A159A-4BDF-468D-BBC7-FD1CC4461CFA}.Release|Any CPU.ActiveCfg = Release|Any CPU
		{336A159A-4BDF-468D-BBC7-FD1CC4461CFA}.Release|Any CPU.Build.0 = Release|Any CPU
		{336A159A-4BDF-468D-BBC7-FD1CC4461CFA}.Release|Any CPU.Deploy.0 = Release|Any CPU
		{336A159A-4BDF-468D-BBC7-FD1CC4461CFA}.Release|ARM.ActiveCfg = Release|Any CPU
		{336A159A-4BDF-468D-BBC7-FD1CC4461CFA}.Release|ARM.Build.0 = Release|Any CPU
		{336A159A-4BDF-468D-BBC7-FD1CC4461CFA}.Release|ARM.Deploy.0 = Release|Any CPU
		{336A159A-4BDF-468D-BBC7-FD1CC4461CFA}.Release|iPhone.ActiveCfg = Release|Any CPU
		{336A159A-4BDF-468D-BBC7-FD1CC4461CFA}.Release|iPhone.Build.0 = Release|Any CPU
		{336A159A-4BDF-468D-BBC7-FD1CC4461CFA}.Release|iPhone.Deploy.0 = Release|Any CPU
		{336A159A-4BDF-468D-BBC7-FD1CC4461CFA}.Release|iPhoneSimulator.ActiveCfg = Release|Any CPU
		{336A159A-4BDF-468D-BBC7-FD1CC4461CFA}.Release|iPhoneSimulator.Build.0 = Release|Any CPU
		{336A159A-4BDF-468D-BBC7-FD1CC4461CFA}.Release|iPhoneSimulator.Deploy.0 = Release|Any CPU
		{336A159A-4BDF-468D-BBC7-FD1CC4461CFA}.Release|x64.ActiveCfg = Release|Any CPU
		{336A159A-4BDF-468D-BBC7-FD1CC4461CFA}.Release|x64.Build.0 = Release|Any CPU
		{336A159A-4BDF-468D-BBC7-FD1CC4461CFA}.Release|x64.Deploy.0 = Release|Any CPU
		{336A159A-4BDF-468D-BBC7-FD1CC4461CFA}.Release|x86.ActiveCfg = Release|Any CPU
		{336A159A-4BDF-468D-BBC7-FD1CC4461CFA}.Release|x86.Build.0 = Release|Any CPU
		{336A159A-4BDF-468D-BBC7-FD1CC4461CFA}.Release|x86.Deploy.0 = Release|Any CPU
		{7F43A6D7-E6B2-480D-9CBD-2A1ACA4E5AFE}.Ad-Hoc|Any CPU.ActiveCfg = Ad-Hoc|iPhone
		{7F43A6D7-E6B2-480D-9CBD-2A1ACA4E5AFE}.Ad-Hoc|ARM.ActiveCfg = Ad-Hoc|iPhone
		{7F43A6D7-E6B2-480D-9CBD-2A1ACA4E5AFE}.Ad-Hoc|iPhone.ActiveCfg = Ad-Hoc|iPhone
		{7F43A6D7-E6B2-480D-9CBD-2A1ACA4E5AFE}.Ad-Hoc|iPhone.Build.0 = Ad-Hoc|iPhone
		{7F43A6D7-E6B2-480D-9CBD-2A1ACA4E5AFE}.Ad-Hoc|iPhoneSimulator.ActiveCfg = Ad-Hoc|iPhoneSimulator
		{7F43A6D7-E6B2-480D-9CBD-2A1ACA4E5AFE}.Ad-Hoc|iPhoneSimulator.Build.0 = Ad-Hoc|iPhoneSimulator
		{7F43A6D7-E6B2-480D-9CBD-2A1ACA4E5AFE}.Ad-Hoc|x64.ActiveCfg = Ad-Hoc|iPhone
		{7F43A6D7-E6B2-480D-9CBD-2A1ACA4E5AFE}.Ad-Hoc|x86.ActiveCfg = Ad-Hoc|iPhone
		{7F43A6D7-E6B2-480D-9CBD-2A1ACA4E5AFE}.AppStore|Any CPU.ActiveCfg = AppStore|iPhone
		{7F43A6D7-E6B2-480D-9CBD-2A1ACA4E5AFE}.AppStore|ARM.ActiveCfg = AppStore|iPhone
		{7F43A6D7-E6B2-480D-9CBD-2A1ACA4E5AFE}.AppStore|iPhone.ActiveCfg = AppStore|iPhone
		{7F43A6D7-E6B2-480D-9CBD-2A1ACA4E5AFE}.AppStore|iPhone.Build.0 = AppStore|iPhone
		{7F43A6D7-E6B2-480D-9CBD-2A1ACA4E5AFE}.AppStore|iPhoneSimulator.ActiveCfg = AppStore|iPhoneSimulator
		{7F43A6D7-E6B2-480D-9CBD-2A1ACA4E5AFE}.AppStore|iPhoneSimulator.Build.0 = AppStore|iPhoneSimulator
		{7F43A6D7-E6B2-480D-9CBD-2A1ACA4E5AFE}.AppStore|x64.ActiveCfg = AppStore|iPhone
		{7F43A6D7-E6B2-480D-9CBD-2A1ACA4E5AFE}.AppStore|x86.ActiveCfg = AppStore|iPhone
		{7F43A6D7-E6B2-480D-9CBD-2A1ACA4E5AFE}.Debug|Any CPU.ActiveCfg = Debug|iPhone
		{7F43A6D7-E6B2-480D-9CBD-2A1ACA4E5AFE}.Debug|ARM.ActiveCfg = Debug|iPhone
		{7F43A6D7-E6B2-480D-9CBD-2A1ACA4E5AFE}.Debug|iPhone.ActiveCfg = Debug|iPhone
		{7F43A6D7-E6B2-480D-9CBD-2A1ACA4E5AFE}.Debug|iPhone.Build.0 = Debug|iPhone
		{7F43A6D7-E6B2-480D-9CBD-2A1ACA4E5AFE}.Debug|iPhoneSimulator.ActiveCfg = Debug|iPhoneSimulator
		{7F43A6D7-E6B2-480D-9CBD-2A1ACA4E5AFE}.Debug|iPhoneSimulator.Build.0 = Debug|iPhoneSimulator
		{7F43A6D7-E6B2-480D-9CBD-2A1ACA4E5AFE}.Debug|x64.ActiveCfg = Debug|iPhone
		{7F43A6D7-E6B2-480D-9CBD-2A1ACA4E5AFE}.Debug|x86.ActiveCfg = Debug|iPhone
		{7F43A6D7-E6B2-480D-9CBD-2A1ACA4E5AFE}.Release|Any CPU.ActiveCfg = Release|iPhone
		{7F43A6D7-E6B2-480D-9CBD-2A1ACA4E5AFE}.Release|ARM.ActiveCfg = Release|iPhone
		{7F43A6D7-E6B2-480D-9CBD-2A1ACA4E5AFE}.Release|iPhone.ActiveCfg = Release|iPhone
		{7F43A6D7-E6B2-480D-9CBD-2A1ACA4E5AFE}.Release|iPhone.Build.0 = Release|iPhone
		{7F43A6D7-E6B2-480D-9CBD-2A1ACA4E5AFE}.Release|iPhoneSimulator.ActiveCfg = Release|iPhoneSimulator
		{7F43A6D7-E6B2-480D-9CBD-2A1ACA4E5AFE}.Release|iPhoneSimulator.Build.0 = Release|iPhoneSimulator
		{7F43A6D7-E6B2-480D-9CBD-2A1ACA4E5AFE}.Release|x64.ActiveCfg = Release|iPhone
		{7F43A6D7-E6B2-480D-9CBD-2A1ACA4E5AFE}.Release|x86.ActiveCfg = Release|iPhone
		{5A0412A6-B09F-4E5D-A36F-6ACED178B939}.Ad-Hoc|Any CPU.ActiveCfg = Release|x64
		{5A0412A6-B09F-4E5D-A36F-6ACED178B939}.Ad-Hoc|Any CPU.Build.0 = Release|x64
		{5A0412A6-B09F-4E5D-A36F-6ACED178B939}.Ad-Hoc|Any CPU.Deploy.0 = Release|x64
		{5A0412A6-B09F-4E5D-A36F-6ACED178B939}.Ad-Hoc|ARM.ActiveCfg = Release|ARM
		{5A0412A6-B09F-4E5D-A36F-6ACED178B939}.Ad-Hoc|ARM.Build.0 = Release|ARM
		{5A0412A6-B09F-4E5D-A36F-6ACED178B939}.Ad-Hoc|ARM.Deploy.0 = Release|ARM
		{5A0412A6-B09F-4E5D-A36F-6ACED178B939}.Ad-Hoc|iPhone.ActiveCfg = Release|x64
		{5A0412A6-B09F-4E5D-A36F-6ACED178B939}.Ad-Hoc|iPhone.Build.0 = Release|x64
		{5A0412A6-B09F-4E5D-A36F-6ACED178B939}.Ad-Hoc|iPhone.Deploy.0 = Release|x64
		{5A0412A6-B09F-4E5D-A36F-6ACED178B939}.Ad-Hoc|iPhoneSimulator.ActiveCfg = Release|x64
		{5A0412A6-B09F-4E5D-A36F-6ACED178B939}.Ad-Hoc|iPhoneSimulator.Build.0 = Release|x64
		{5A0412A6-B09F-4E5D-A36F-6ACED178B939}.Ad-Hoc|iPhoneSimulator.Deploy.0 = Release|x64
		{5A0412A6-B09F-4E5D-A36F-6ACED178B939}.Ad-Hoc|x64.ActiveCfg = Release|x64
		{5A0412A6-B09F-4E5D-A36F-6ACED178B939}.Ad-Hoc|x64.Build.0 = Release|x64
		{5A0412A6-B09F-4E5D-A36F-6ACED178B939}.Ad-Hoc|x64.Deploy.0 = Release|x64
		{5A0412A6-B09F-4E5D-A36F-6ACED178B939}.Ad-Hoc|x86.ActiveCfg = Release|x86
		{5A0412A6-B09F-4E5D-A36F-6ACED178B939}.Ad-Hoc|x86.Build.0 = Release|x86
		{5A0412A6-B09F-4E5D-A36F-6ACED178B939}.Ad-Hoc|x86.Deploy.0 = Release|x86
		{5A0412A6-B09F-4E5D-A36F-6ACED178B939}.AppStore|Any CPU.ActiveCfg = Release|x64
		{5A0412A6-B09F-4E5D-A36F-6ACED178B939}.AppStore|Any CPU.Build.0 = Release|x64
		{5A0412A6-B09F-4E5D-A36F-6ACED178B939}.AppStore|Any CPU.Deploy.0 = Release|x64
		{5A0412A6-B09F-4E5D-A36F-6ACED178B939}.AppStore|ARM.ActiveCfg = Release|ARM
		{5A0412A6-B09F-4E5D-A36F-6ACED178B939}.AppStore|ARM.Build.0 = Release|ARM
		{5A0412A6-B09F-4E5D-A36F-6ACED178B939}.AppStore|ARM.Deploy.0 = Release|ARM
		{5A0412A6-B09F-4E5D-A36F-6ACED178B939}.AppStore|iPhone.ActiveCfg = Release|x64
		{5A0412A6-B09F-4E5D-A36F-6ACED178B939}.AppStore|iPhone.Build.0 = Release|x64
		{5A0412A6-B09F-4E5D-A36F-6ACED178B939}.AppStore|iPhone.Deploy.0 = Release|x64
		{5A0412A6-B09F-4E5D-A36F-6ACED178B939}.AppStore|iPhoneSimulator.ActiveCfg = Release|x64
		{5A0412A6-B09F-4E5D-A36F-6ACED178B939}.AppStore|iPhoneSimulator.Build.0 = Release|x64
		{5A0412A6-B09F-4E5D-A36F-6ACED178B939}.AppStore|iPhoneSimulator.Deploy.0 = Release|x64
		{5A0412A6-B09F-4E5D-A36F-6ACED178B939}.AppStore|x64.ActiveCfg = Release|x64
		{5A0412A6-B09F-4E5D-A36F-6ACED178B939}.AppStore|x64.Build.0 = Release|x64
		{5A0412A6-B09F-4E5D-A36F-6ACED178B939}.AppStore|x64.Deploy.0 = Release|x64
		{5A0412A6-B09F-4E5D-A36F-6ACED178B939}.AppStore|x86.ActiveCfg = Release|x86
		{5A0412A6-B09F-4E5D-A36F-6ACED178B939}.AppStore|x86.Build.0 = Release|x86
		{5A0412A6-B09F-4E5D-A36F-6ACED178B939}.AppStore|x86.Deploy.0 = Release|x86
		{5A0412A6-B09F-4E5D-A36F-6ACED178B939}.Debug|Any CPU.ActiveCfg = Debug|x86
		{5A0412A6-B09F-4E5D-A36F-6ACED178B939}.Debug|ARM.ActiveCfg = Debug|ARM
		{5A0412A6-B09F-4E5D-A36F-6ACED178B939}.Debug|ARM.Build.0 = Debug|ARM
		{5A0412A6-B09F-4E5D-A36F-6ACED178B939}.Debug|ARM.Deploy.0 = Debug|ARM
		{5A0412A6-B09F-4E5D-A36F-6ACED178B939}.Debug|iPhone.ActiveCfg = Debug|x86
		{5A0412A6-B09F-4E5D-A36F-6ACED178B939}.Debug|iPhoneSimulator.ActiveCfg = Debug|x86
		{5A0412A6-B09F-4E5D-A36F-6ACED178B939}.Debug|x64.ActiveCfg = Debug|x64
		{5A0412A6-B09F-4E5D-A36F-6ACED178B939}.Debug|x64.Build.0 = Debug|x64
		{5A0412A6-B09F-4E5D-A36F-6ACED178B939}.Debug|x64.Deploy.0 = Debug|x64
		{5A0412A6-B09F-4E5D-A36F-6ACED178B939}.Debug|x86.ActiveCfg = Debug|x86
		{5A0412A6-B09F-4E5D-A36F-6ACED178B939}.Debug|x86.Build.0 = Debug|x86
		{5A0412A6-B09F-4E5D-A36F-6ACED178B939}.Debug|x86.Deploy.0 = Debug|x86
		{5A0412A6-B09F-4E5D-A36F-6ACED178B939}.Release|Any CPU.ActiveCfg = Release|x86
		{5A0412A6-B09F-4E5D-A36F-6ACED178B939}.Release|ARM.ActiveCfg = Release|ARM
		{5A0412A6-B09F-4E5D-A36F-6ACED178B939}.Release|ARM.Build.0 = Release|ARM
		{5A0412A6-B09F-4E5D-A36F-6ACED178B939}.Release|ARM.Deploy.0 = Release|ARM
		{5A0412A6-B09F-4E5D-A36F-6ACED178B939}.Release|iPhone.ActiveCfg = Release|x86
		{5A0412A6-B09F-4E5D-A36F-6ACED178B939}.Release|iPhoneSimulator.ActiveCfg = Release|x86
		{5A0412A6-B09F-4E5D-A36F-6ACED178B939}.Release|x64.ActiveCfg = Release|x64
		{5A0412A6-B09F-4E5D-A36F-6ACED178B939}.Release|x64.Build.0 = Release|x64
		{5A0412A6-B09F-4E5D-A36F-6ACED178B939}.Release|x64.Deploy.0 = Release|x64
		{5A0412A6-B09F-4E5D-A36F-6ACED178B939}.Release|x86.ActiveCfg = Release|x86
		{5A0412A6-B09F-4E5D-A36F-6ACED178B939}.Release|x86.Build.0 = Release|x86
		{5A0412A6-B09F-4E5D-A36F-6ACED178B939}.Release|x86.Deploy.0 = Release|x86
		{EE04C2FD-D6D8-4851-86B5-04A706FAE0FB}.Ad-Hoc|Any CPU.ActiveCfg = Debug|Any CPU
		{EE04C2FD-D6D8-4851-86B5-04A706FAE0FB}.Ad-Hoc|Any CPU.Build.0 = Debug|Any CPU
		{EE04C2FD-D6D8-4851-86B5-04A706FAE0FB}.Ad-Hoc|ARM.ActiveCfg = Debug|Any CPU
		{EE04C2FD-D6D8-4851-86B5-04A706FAE0FB}.Ad-Hoc|ARM.Build.0 = Debug|Any CPU
		{EE04C2FD-D6D8-4851-86B5-04A706FAE0FB}.Ad-Hoc|iPhone.ActiveCfg = Debug|Any CPU
		{EE04C2FD-D6D8-4851-86B5-04A706FAE0FB}.Ad-Hoc|iPhone.Build.0 = Debug|Any CPU
		{EE04C2FD-D6D8-4851-86B5-04A706FAE0FB}.Ad-Hoc|iPhoneSimulator.ActiveCfg = Debug|Any CPU
		{EE04C2FD-D6D8-4851-86B5-04A706FAE0FB}.Ad-Hoc|iPhoneSimulator.Build.0 = Debug|Any CPU
		{EE04C2FD-D6D8-4851-86B5-04A706FAE0FB}.Ad-Hoc|x64.ActiveCfg = Debug|Any CPU
		{EE04C2FD-D6D8-4851-86B5-04A706FAE0FB}.Ad-Hoc|x64.Build.0 = Debug|Any CPU
		{EE04C2FD-D6D8-4851-86B5-04A706FAE0FB}.Ad-Hoc|x86.ActiveCfg = Debug|Any CPU
		{EE04C2FD-D6D8-4851-86B5-04A706FAE0FB}.Ad-Hoc|x86.Build.0 = Debug|Any CPU
		{EE04C2FD-D6D8-4851-86B5-04A706FAE0FB}.AppStore|Any CPU.ActiveCfg = Debug|Any CPU
		{EE04C2FD-D6D8-4851-86B5-04A706FAE0FB}.AppStore|Any CPU.Build.0 = Debug|Any CPU
		{EE04C2FD-D6D8-4851-86B5-04A706FAE0FB}.AppStore|ARM.ActiveCfg = Debug|Any CPU
		{EE04C2FD-D6D8-4851-86B5-04A706FAE0FB}.AppStore|ARM.Build.0 = Debug|Any CPU
		{EE04C2FD-D6D8-4851-86B5-04A706FAE0FB}.AppStore|iPhone.ActiveCfg = Debug|Any CPU
		{EE04C2FD-D6D8-4851-86B5-04A706FAE0FB}.AppStore|iPhone.Build.0 = Debug|Any CPU
		{EE04C2FD-D6D8-4851-86B5-04A706FAE0FB}.AppStore|iPhoneSimulator.ActiveCfg = Debug|Any CPU
		{EE04C2FD-D6D8-4851-86B5-04A706FAE0FB}.AppStore|iPhoneSimulator.Build.0 = Debug|Any CPU
		{EE04C2FD-D6D8-4851-86B5-04A706FAE0FB}.AppStore|x64.ActiveCfg = Debug|Any CPU
		{EE04C2FD-D6D8-4851-86B5-04A706FAE0FB}.AppStore|x64.Build.0 = Debug|Any CPU
		{EE04C2FD-D6D8-4851-86B5-04A706FAE0FB}.AppStore|x86.ActiveCfg = Debug|Any CPU
		{EE04C2FD-D6D8-4851-86B5-04A706FAE0FB}.AppStore|x86.Build.0 = Debug|Any CPU
		{EE04C2FD-D6D8-4851-86B5-04A706FAE0FB}.Debug|Any CPU.ActiveCfg = Debug|Any CPU
		{EE04C2FD-D6D8-4851-86B5-04A706FAE0FB}.Debug|Any CPU.Build.0 = Debug|Any CPU
		{EE04C2FD-D6D8-4851-86B5-04A706FAE0FB}.Debug|ARM.ActiveCfg = Debug|Any CPU
		{EE04C2FD-D6D8-4851-86B5-04A706FAE0FB}.Debug|ARM.Build.0 = Debug|Any CPU
		{EE04C2FD-D6D8-4851-86B5-04A706FAE0FB}.Debug|iPhone.ActiveCfg = Debug|Any CPU
		{EE04C2FD-D6D8-4851-86B5-04A706FAE0FB}.Debug|iPhone.Build.0 = Debug|Any CPU
		{EE04C2FD-D6D8-4851-86B5-04A706FAE0FB}.Debug|iPhoneSimulator.ActiveCfg = Debug|Any CPU
		{EE04C2FD-D6D8-4851-86B5-04A706FAE0FB}.Debug|iPhoneSimulator.Build.0 = Debug|Any CPU
		{EE04C2FD-D6D8-4851-86B5-04A706FAE0FB}.Debug|x64.ActiveCfg = Debug|Any CPU
		{EE04C2FD-D6D8-4851-86B5-04A706FAE0FB}.Debug|x64.Build.0 = Debug|Any CPU
		{EE04C2FD-D6D8-4851-86B5-04A706FAE0FB}.Debug|x86.ActiveCfg = Debug|Any CPU
		{EE04C2FD-D6D8-4851-86B5-04A706FAE0FB}.Debug|x86.Build.0 = Debug|Any CPU
		{EE04C2FD-D6D8-4851-86B5-04A706FAE0FB}.Release|Any CPU.ActiveCfg = Release|Any CPU
		{EE04C2FD-D6D8-4851-86B5-04A706FAE0FB}.Release|Any CPU.Build.0 = Release|Any CPU
		{EE04C2FD-D6D8-4851-86B5-04A706FAE0FB}.Release|ARM.ActiveCfg = Release|Any CPU
		{EE04C2FD-D6D8-4851-86B5-04A706FAE0FB}.Release|ARM.Build.0 = Release|Any CPU
		{EE04C2FD-D6D8-4851-86B5-04A706FAE0FB}.Release|iPhone.ActiveCfg = Release|Any CPU
		{EE04C2FD-D6D8-4851-86B5-04A706FAE0FB}.Release|iPhone.Build.0 = Release|Any CPU
		{EE04C2FD-D6D8-4851-86B5-04A706FAE0FB}.Release|iPhoneSimulator.ActiveCfg = Release|Any CPU
		{EE04C2FD-D6D8-4851-86B5-04A706FAE0FB}.Release|iPhoneSimulator.Build.0 = Release|Any CPU
		{EE04C2FD-D6D8-4851-86B5-04A706FAE0FB}.Release|x64.ActiveCfg = Release|Any CPU
		{EE04C2FD-D6D8-4851-86B5-04A706FAE0FB}.Release|x64.Build.0 = Release|Any CPU
		{EE04C2FD-D6D8-4851-86B5-04A706FAE0FB}.Release|x86.ActiveCfg = Release|Any CPU
		{EE04C2FD-D6D8-4851-86B5-04A706FAE0FB}.Release|x86.Build.0 = Release|Any CPU
		{5C45B3DA-0592-4022-BA78-C5E9F6CF9C46}.Ad-Hoc|Any CPU.ActiveCfg = Release|Any CPU
		{5C45B3DA-0592-4022-BA78-C5E9F6CF9C46}.Ad-Hoc|Any CPU.Build.0 = Release|Any CPU
		{5C45B3DA-0592-4022-BA78-C5E9F6CF9C46}.Ad-Hoc|ARM.ActiveCfg = Release|Any CPU
		{5C45B3DA-0592-4022-BA78-C5E9F6CF9C46}.Ad-Hoc|ARM.Build.0 = Release|Any CPU
		{5C45B3DA-0592-4022-BA78-C5E9F6CF9C46}.Ad-Hoc|iPhone.ActiveCfg = Release|Any CPU
		{5C45B3DA-0592-4022-BA78-C5E9F6CF9C46}.Ad-Hoc|iPhone.Build.0 = Release|Any CPU
		{5C45B3DA-0592-4022-BA78-C5E9F6CF9C46}.Ad-Hoc|iPhoneSimulator.ActiveCfg = Release|Any CPU
		{5C45B3DA-0592-4022-BA78-C5E9F6CF9C46}.Ad-Hoc|iPhoneSimulator.Build.0 = Release|Any CPU
		{5C45B3DA-0592-4022-BA78-C5E9F6CF9C46}.Ad-Hoc|x64.ActiveCfg = Release|Any CPU
		{5C45B3DA-0592-4022-BA78-C5E9F6CF9C46}.Ad-Hoc|x64.Build.0 = Release|Any CPU
		{5C45B3DA-0592-4022-BA78-C5E9F6CF9C46}.Ad-Hoc|x86.ActiveCfg = Release|Any CPU
		{5C45B3DA-0592-4022-BA78-C5E9F6CF9C46}.Ad-Hoc|x86.Build.0 = Release|Any CPU
		{5C45B3DA-0592-4022-BA78-C5E9F6CF9C46}.AppStore|Any CPU.ActiveCfg = Release|Any CPU
		{5C45B3DA-0592-4022-BA78-C5E9F6CF9C46}.AppStore|Any CPU.Build.0 = Release|Any CPU
		{5C45B3DA-0592-4022-BA78-C5E9F6CF9C46}.AppStore|ARM.ActiveCfg = Release|Any CPU
		{5C45B3DA-0592-4022-BA78-C5E9F6CF9C46}.AppStore|ARM.Build.0 = Release|Any CPU
		{5C45B3DA-0592-4022-BA78-C5E9F6CF9C46}.AppStore|iPhone.ActiveCfg = Release|Any CPU
		{5C45B3DA-0592-4022-BA78-C5E9F6CF9C46}.AppStore|iPhone.Build.0 = Release|Any CPU
		{5C45B3DA-0592-4022-BA78-C5E9F6CF9C46}.AppStore|iPhoneSimulator.ActiveCfg = Release|Any CPU
		{5C45B3DA-0592-4022-BA78-C5E9F6CF9C46}.AppStore|iPhoneSimulator.Build.0 = Release|Any CPU
		{5C45B3DA-0592-4022-BA78-C5E9F6CF9C46}.AppStore|x64.ActiveCfg = Release|Any CPU
		{5C45B3DA-0592-4022-BA78-C5E9F6CF9C46}.AppStore|x64.Build.0 = Release|Any CPU
		{5C45B3DA-0592-4022-BA78-C5E9F6CF9C46}.AppStore|x86.ActiveCfg = Release|Any CPU
		{5C45B3DA-0592-4022-BA78-C5E9F6CF9C46}.AppStore|x86.Build.0 = Release|Any CPU
		{5C45B3DA-0592-4022-BA78-C5E9F6CF9C46}.Debug|Any CPU.ActiveCfg = Debug|Any CPU
		{5C45B3DA-0592-4022-BA78-C5E9F6CF9C46}.Debug|Any CPU.Build.0 = Debug|Any CPU
		{5C45B3DA-0592-4022-BA78-C5E9F6CF9C46}.Debug|ARM.ActiveCfg = Debug|Any CPU
		{5C45B3DA-0592-4022-BA78-C5E9F6CF9C46}.Debug|ARM.Build.0 = Debug|Any CPU
		{5C45B3DA-0592-4022-BA78-C5E9F6CF9C46}.Debug|iPhone.ActiveCfg = Debug|Any CPU
		{5C45B3DA-0592-4022-BA78-C5E9F6CF9C46}.Debug|iPhone.Build.0 = Debug|Any CPU
		{5C45B3DA-0592-4022-BA78-C5E9F6CF9C46}.Debug|iPhoneSimulator.ActiveCfg = Debug|Any CPU
		{5C45B3DA-0592-4022-BA78-C5E9F6CF9C46}.Debug|iPhoneSimulator.Build.0 = Debug|Any CPU
		{5C45B3DA-0592-4022-BA78-C5E9F6CF9C46}.Debug|x64.ActiveCfg = Debug|Any CPU
		{5C45B3DA-0592-4022-BA78-C5E9F6CF9C46}.Debug|x64.Build.0 = Debug|Any CPU
		{5C45B3DA-0592-4022-BA78-C5E9F6CF9C46}.Debug|x86.ActiveCfg = Debug|Any CPU
		{5C45B3DA-0592-4022-BA78-C5E9F6CF9C46}.Debug|x86.Build.0 = Debug|Any CPU
		{5C45B3DA-0592-4022-BA78-C5E9F6CF9C46}.Release|Any CPU.ActiveCfg = Release|Any CPU
		{5C45B3DA-0592-4022-BA78-C5E9F6CF9C46}.Release|Any CPU.Build.0 = Release|Any CPU
		{5C45B3DA-0592-4022-BA78-C5E9F6CF9C46}.Release|ARM.ActiveCfg = Release|Any CPU
		{5C45B3DA-0592-4022-BA78-C5E9F6CF9C46}.Release|ARM.Build.0 = Release|Any CPU
		{5C45B3DA-0592-4022-BA78-C5E9F6CF9C46}.Release|iPhone.ActiveCfg = Release|Any CPU
		{5C45B3DA-0592-4022-BA78-C5E9F6CF9C46}.Release|iPhone.Build.0 = Release|Any CPU
		{5C45B3DA-0592-4022-BA78-C5E9F6CF9C46}.Release|iPhoneSimulator.ActiveCfg = Release|Any CPU
		{5C45B3DA-0592-4022-BA78-C5E9F6CF9C46}.Release|iPhoneSimulator.Build.0 = Release|Any CPU
		{5C45B3DA-0592-4022-BA78-C5E9F6CF9C46}.Release|x64.ActiveCfg = Release|Any CPU
		{5C45B3DA-0592-4022-BA78-C5E9F6CF9C46}.Release|x64.Build.0 = Release|Any CPU
		{5C45B3DA-0592-4022-BA78-C5E9F6CF9C46}.Release|x86.ActiveCfg = Release|Any CPU
		{5C45B3DA-0592-4022-BA78-C5E9F6CF9C46}.Release|x86.Build.0 = Release|Any CPU
	EndGlobalSection
	GlobalSection(SolutionProperties) = preSolution
		HideSolutionNode = FALSE
	EndGlobalSection
	GlobalSection(ExtensibilityGlobals) = postSolution
		SolutionGuid = {F1EAD2A9-927C-4BF6-B733-59CE741434D7}
	EndGlobalSection
EndGlobal
